
Microsoft Visual Studio Solution File, Format Version 12.00
# Visual Studio Version 17
VisualStudioVersion = 17.4.33403.182
MinimumVisualStudioVersion = 10.0.40219.1
Project("{FAE04EC0-301F-11D3-BF4B-00C04F79EFBC}") = "WebApplication1", "WebApplication1.csproj", "{32344EB8-9CC5-4CDF-8C06-2BEE9B38BDB3}"
EndProject
Global
	GlobalSection(SolutionConfigurationPlatforms) = preSolution
		Debug|Any CPU = Debug|Any CPU
		Release|Any CPU = Release|Any CPU
	EndGlobalSection
	GlobalSection(ProjectConfigurationPlatforms) = postSolution
		{32344EB8-9CC5-4CDF-8C06-2BEE9B38BDB3}.Debug|Any CPU.ActiveCfg = Debug|Any CPU
		{32344EB8-9CC5-4CDF-8C06-2BEE9B38BDB3}.Debug|Any CPU.Build.0 = Debug|Any CPU
		{32344EB8-9CC5-4CDF-8C06-2BEE9B38BDB3}.Release|Any CPU.ActiveCfg = Release|Any CPU
		{32344EB8-9CC5-4CDF-8C06-2BEE9B38BDB3}.Release|Any CPU.Build.0 = Release|Any CPU
	EndGlobalSection
	GlobalSection(SolutionProperties) = preSolution
		HideSolutionNode = FALSE
	EndGlobalSection
	GlobalSection(ExtensibilityGlobals) = postSolution
		SolutionGuid = {76F3AA2F-E483-4CF2-9D9D-C188BC7545CA}
	EndGlobalSection
EndGlobal
